
Microsoft Visual Studio Solution File, Format Version 12.00
# Visual Studio Version 16
VisualStudioVersion = 16.0.30204.135
MinimumVisualStudioVersion = 10.0.40219.1
Project("{FAE04EC0-301F-11D3-BF4B-00C04F79EFBC}") = "ConsoleApp3", "ConsoleApp3\ConsoleApp3.csproj", "{9DE50A79-199F-414E-9732-C28E689F396A}"
EndProject
Global
	GlobalSection(SolutionConfigurationPlatforms) = preSolution
		Debug|Any CPU = Debug|Any CPU
		Release|Any CPU = Release|Any CPU
	EndGlobalSection
	GlobalSection(ProjectConfigurationPlatforms) = postSolution
		{9DE50A79-199F-414E-9732-C28E689F396A}.Debug|Any CPU.ActiveCfg = Debug|Any CPU
		{9DE50A79-199F-414E-9732-C28E689F396A}.Debug|Any CPU.Build.0 = Debug|Any CPU
		{9DE50A79-199F-414E-9732-C28E689F396A}.Release|Any CPU.ActiveCfg = Release|Any CPU
		{9DE50A79-199F-414E-9732-C28E689F396A}.Release|Any CPU.Build.0 = Release|Any CPU
	EndGlobalSection
	GlobalSection(SolutionProperties) = preSolution
		HideSolutionNode = FALSE
	EndGlobalSection
	GlobalSection(ExtensibilityGlobals) = postSolution
		SolutionGuid = {83A88C09-B1DE-44AB-80A0-E09D52215858}
	EndGlobalSection
EndGlobal
